
Microsoft Visual Studio Solution File, Format Version 12.00
# Visual Studio Version 17
VisualStudioVersion = 17.7.34221.43
MinimumVisualStudioVersion = 10.0.40219.1
Project("{9A19103F-16F7-4668-BE54-9A1E7A4F7556}") = "dotnetNUnitSpecFlow", "dotnetNUnitSpecFlow\dotnetNUnitSpecFlow.csproj", "{7306CDFE-8F86-4E0F-8A0A-51A6C332FE8B}"
EndProject
Project("{9A19103F-16F7-4668-BE54-9A1E7A4F7556}") = "Manager", "Manager\Manager.csproj", "{3F9EE072-12EA-4C69-955A-B22BC50357A9}"
EndProject
Project("{9A19103F-16F7-4668-BE54-9A1E7A4F7556}") = "ManagerNUnitTest", "ManagerNUnitTest\ManagerNUnitTest.csproj", "{AABE7C01-1770-49A9-9ABD-381B3D810213}"
EndProject
Project("{9A19103F-16F7-4668-BE54-9A1E7A4F7556}") = "ManagerXUnitTest", "ManagerXUnitTest\ManagerXUnitTest.csproj", "{B6565C24-9559-45D8-93DE-20F33E2DA001}"
EndProject
Project("{FAE04EC0-301F-11D3-BF4B-00C04F79EFBC}") = "SpecFlowProject1", "SpecFlowProject1\SpecFlowProject1.csproj", "{D67278F5-9160-4907-A86F-2781DBA0AB1F}"
EndProject
Global
	GlobalSection(SolutionConfigurationPlatforms) = preSolution
		Debug|Any CPU = Debug|Any CPU
		Release|Any CPU = Release|Any CPU
	EndGlobalSection
	GlobalSection(ProjectConfigurationPlatforms) = postSolution
		{7306CDFE-8F86-4E0F-8A0A-51A6C332FE8B}.Debug|Any CPU.ActiveCfg = Debug|Any CPU
		{7306CDFE-8F86-4E0F-8A0A-51A6C332FE8B}.Debug|Any CPU.Build.0 = Debug|Any CPU
		{7306CDFE-8F86-4E0F-8A0A-51A6C332FE8B}.Release|Any CPU.ActiveCfg = Release|Any CPU
		{7306CDFE-8F86-4E0F-8A0A-51A6C332FE8B}.Release|Any CPU.Build.0 = Release|Any CPU
		{3F9EE072-12EA-4C69-955A-B22BC50357A9}.Debug|Any CPU.ActiveCfg = Debug|Any CPU
		{3F9EE072-12EA-4C69-955A-B22BC50357A9}.Debug|Any CPU.Build.0 = Debug|Any CPU
		{3F9EE072-12EA-4C69-955A-B22BC50357A9}.Release|Any CPU.ActiveCfg = Release|Any CPU
		{3F9EE072-12EA-4C69-955A-B22BC50357A9}.Release|Any CPU.Build.0 = Release|Any CPU
		{AABE7C01-1770-49A9-9ABD-381B3D810213}.Debug|Any CPU.ActiveCfg = Debug|Any CPU
		{AABE7C01-1770-49A9-9ABD-381B3D810213}.Debug|Any CPU.Build.0 = Debug|Any CPU
		{AABE7C01-1770-49A9-9ABD-381B3D810213}.Release|Any CPU.ActiveCfg = Release|Any CPU
		{AABE7C01-1770-49A9-9ABD-381B3D810213}.Release|Any CPU.Build.0 = Release|Any CPU
		{B6565C24-9559-45D8-93DE-20F33E2DA001}.Debug|Any CPU.ActiveCfg = Debug|Any CPU
		{B6565C24-9559-45D8-93DE-20F33E2DA001}.Debug|Any CPU.Build.0 = Debug|Any CPU
		{B6565C24-9559-45D8-93DE-20F33E2DA001}.Release|Any CPU.ActiveCfg = Release|Any CPU
		{B6565C24-9559-45D8-93DE-20F33E2DA001}.Release|Any CPU.Build.0 = Release|Any CPU
		{D67278F5-9160-4907-A86F-2781DBA0AB1F}.Debug|Any CPU.ActiveCfg = Debug|Any CPU
		{D67278F5-9160-4907-A86F-2781DBA0AB1F}.Debug|Any CPU.Build.0 = Debug|Any CPU
		{D67278F5-9160-4907-A86F-2781DBA0AB1F}.Release|Any CPU.ActiveCfg = Release|Any CPU
		{D67278F5-9160-4907-A86F-2781DBA0AB1F}.Release|Any CPU.Build.0 = Release|Any CPU
	EndGlobalSection
	GlobalSection(SolutionProperties) = preSolution
		HideSolutionNode = FALSE
	EndGlobalSection
	GlobalSection(ExtensibilityGlobals) = postSolution
		SolutionGuid = {5C944EAA-87B0-4A4D-B781-47BEDD735D4E}
	EndGlobalSection
EndGlobal
